// !$*UTF8*$!
{
	archiveVersion = 1;
	classes = {
	};
	objectVersion = 77;
	objects = {

/* Begin PBXContainerItemProxy section */
		8DFF10B42F8ECA2900AFEFAA /* PBXContainerItemProxy */ = {
			isa = PBXContainerItemProxy;
			containerPortal = 8DFF109E2F8ECA2400AFEFAA /* Project object */;
			proxyType = 1;
			remoteGlobalIDString = 8DFF10A52F8ECA2400AFEFAA;
			remoteInfo = "TunnelVision Complete";
		};
		8DFF10BE2F8ECA2900AFEFAA /* PBXContainerItemProxy */ = {
			isa = PBXContainerItemProxy;
			containerPortal = 8DFF109E2F8ECA2400AFEFAA /* Project object */;
			proxyType = 1;
			remoteGlobalIDString = 8DFF10A52F8ECA2400AFEFAA;
			remoteInfo = "TunnelVision Complete";
		};
/* End PBXContainerItemProxy section */

/* Begin PBXFileReference section */
		8DFF10A62F8ECA2400AFEFAA /* TunnelVision Complete.app */ = {isa = PBXFileReference; explicitFileType = wrapper.application; includeInIndex = 0; path = "TunnelVision Complete.app"; sourceTree = BUILT_PRODUCTS_DIR; };
		8DFF10B32F8ECA2900AFEFAA /* TunnelVision CompleteTests.xctest */ = {isa = PBXFileReference; explicitFileType = wrapper.cfbundle; includeInIndex = 0; path = "TunnelVision CompleteTests.xctest"; sourceTree = BUILT_PRODUCTS_DIR; };
		8DFF10BD2F8ECA2900AFEFAA /* TunnelVision CompleteUITests.xctest */ = {isa = PBXFileReference; explicitFileType = wrapper.cfbundle; includeInIndex = 0; path = "TunnelVision CompleteUITests.xctest"; sourceTree = BUILT_PRODUCTS_DIR; };
/* End PBXFileReference section */

/* Begin PBXFileSystemSynchronizedRootGroup section */
		8DFF10A82F8ECA2400AFEFAA /* TunnelVision Complete */ = {
			isa = PBXFileSystemSynchronizedRootGroup;
			path = "TunnelVision Complete";
			sourceTree = "<group>";
		};
		8DFF10B62F8ECA2900AFEFAA /* TunnelVision CompleteTests */ = {
			isa = PBXFileSystemSynchronizedRootGroup;
			path = "TunnelVision CompleteTests";
			sourceTree = "<group>";
		};
		8DFF10C02F8ECA2900AFEFAA /* TunnelVision CompleteUITests */ = {
			isa = PBXFileSystemSynchronizedRootGroup;
			path = "TunnelVision CompleteUITests";
			sourceTree = "<group>";
		};
/* End PBXFileSystemSynchronizedRootGroup section */

/* Begin PBXFrameworksBuildPhase section */
		8DFF10A32F8ECA2400AFEFAA /* Frameworks */ = {
			isa = PBXFrameworksBuildPhase;
			buildActionMask = 2147483647;
			files = (
			);
			runOnlyForDeploymentPostprocessing = 0;
		};
		8DFF10B02F8ECA2900AFEFAA /* Frameworks */ = {
			isa = PBXFrameworksBuildPhase;
			buildActionMask = 2147483647;
			files = (
			);
			runOnlyForDeploymentPostprocessing = 0;
		};
		8DFF10BA2F8ECA2900AFEFAA /* Frameworks */ = {
			isa = PBXFrameworksBuildPhase;
			buildActionMask = 2147483647;
			files = (
			);
			runOnlyForDeploymentPostprocessing = 0;
		};
/* End PBXFrameworksBuildPhase section */

/* Begin PBXGroup section */
		8DFF109D2F8ECA2400AFEFAA = {
			isa = PBXGroup;
			children = (
				8DFF10A82F8ECA2400AFEFAA /* TunnelVision Complete */,
				8DFF10B62F8ECA2900AFEFAA /* TunnelVision CompleteTests */,
				8DFF10C02F8ECA2900AFEFAA /* TunnelVision CompleteUITests */,
				8DFF10A72F8ECA2400AFEFAA /* Products */,
			);
			sourceTree = "<group>";
		};
		8DFF10A72F8ECA2400AFEFAA /* Products */ = {
			isa = PBXGroup;
			children = (
				8DFF10A62F8ECA2400AFEFAA /* TunnelVision Complete.app */,
				8DFF10B32F8ECA2900AFEFAA /* TunnelVision CompleteTests.xctest */,
				8DFF10BD2F8ECA2900AFEFAA /* TunnelVision CompleteUITests.xctest */,
			);
			name = Products;
			sourceTree = "<group>";
		};
/* End PBXGroup section */

/* Begin PBXNativeTarget section */
		8DFF10A52F8ECA2400AFEFAA /* TunnelVision Complete */ = {
			isa = PBXNativeTarget;
			buildConfigurationList = 8DFF10C72F8ECA2900AFEFAA /* Build configuration list for PBXNativeTarget "TunnelVision Complete" */;
			buildPhases = (
				8DFF10A22F8ECA2400AFEFAA /* Sources */,
				8DFF10A32F8ECA2400AFEFAA /* Frameworks */,
				8DFF10A42F8ECA2400AFEFAA /* Resources */,
			);
			buildRules = (
			);
			dependencies = (
			);
			fileSystemSynchronizedGroups = (
				8DFF10A82F8ECA2400AFEFAA /* TunnelVision Complete */,
			);
			name = "TunnelVision Complete";
			packageProductDependencies = (
			);
			productName = "TunnelVision Complete";
			productReference = 8DFF10A62F8ECA2400AFEFAA /* TunnelVision Complete.app */;
			productType = "com.apple.product-type.application";
		};
		8DFF10B22F8ECA2900AFEFAA /* TunnelVision CompleteTests */ = {
			isa = PBXNativeTarget;
			buildConfigurationList = 8DFF10CA2F8ECA2900AFEFAA /* Build configuration list for PBXNativeTarget "TunnelVision CompleteTests" */;
			buildPhases = (
				8DFF10AF2F8ECA2900AFEFAA /* Sources */,
				8DFF10B02F8ECA2900AFEFAA /* Frameworks */,
				8DFF10B12F8ECA2900AFEFAA /* Resources */,
			);
			buildRules = (
			);
			dependencies = (
				8DFF10B52F8ECA2900AFEFAA /* PBXTargetDependency */,
			);
			fileSystemSynchronizedGroups = (
				8DFF10B62F8ECA2900AFEFAA /* TunnelVision CompleteTests */,
			);
			name = "TunnelVision CompleteTests";
			packageProductDependencies = (
			);
			productName = "TunnelVision CompleteTests";
			productReference = 8DFF10B32F8ECA2900AFEFAA /* TunnelVision CompleteTests.xctest */;
			productType = "com.apple.product-type.bundle.unit-test";
		};
		8DFF10BC2F8ECA2900AFEFAA /* TunnelVision CompleteUITests */ = {
			isa = PBXNativeTarget;
			buildConfigurationList = 8DFF10CD2F8ECA2900AFEFAA /* Build configuration list for PBXNativeTarget "TunnelVision CompleteUITests" */;
			buildPhases = (
				8DFF10B92F8ECA2900AFEFAA /* Sources */,
				8DFF10BA2F8ECA2900AFEFAA /* Frameworks */,
				8DFF10BB2F8ECA2900AFEFAA /* Resources */,
			);
			buildRules = (
			);
			dependencies = (
				8DFF10BF2F8ECA2900AFEFAA /* PBXTargetDependency */,
			);
			fileSystemSynchronizedGroups = (
				8DFF10C02F8ECA2900AFEFAA /* TunnelVision CompleteUITests */,
			);
			name = "TunnelVision CompleteUITests";
			packageProductDependencies = (
			);
			productName = "TunnelVision CompleteUITests";
			productReference = 8DFF10BD2F8ECA2900AFEFAA /* TunnelVision CompleteUITests.xctest */;
			productType = "com.apple.product-type.bundle.ui-testing";
		};
/* End PBXNativeTarget section */

/* Begin PBXProject section */
		8DFF109E2F8ECA2400AFEFAA /* Project object */ = {
			isa = PBXProject;
			attributes = {
				BuildIndependentTargetsInParallel = 1;
				LastSwiftUpdateCheck = 2640;
				LastUpgradeCheck = 2640;
				TargetAttributes = {
					8DFF10A52F8ECA2400AFEFAA = {
						CreatedOnToolsVersion = 26.4;
					};
					8DFF10B22F8ECA2900AFEFAA = {
						CreatedOnToolsVersion = 26.4;
						TestTargetID = 8DFF10A52F8ECA2400AFEFAA;
					};
					8DFF10BC2F8ECA2900AFEFAA = {
						CreatedOnToolsVersion = 26.4;
						TestTargetID = 8DFF10A52F8ECA2400AFEFAA;
					};
				};
			};
			buildConfigurationList = 8DFF10A12F8ECA2400AFEFAA /* Build configuration list for PBXProject "TunnelVision Complete" */;
			developmentRegion = en;
			hasScannedForEncodings = 0;
			knownRegions = (
				en,
				Base,
			);
			mainGroup = 8DFF109D2F8ECA2400AFEFAA;
			minimizedProjectReferenceProxies = 1;
			preferredProjectObjectVersion = 77;
			productRefGroup = 8DFF10A72F8ECA2400AFEFAA /* Products */;
			projectDirPath = "";
			projectRoot = "";
			targets = (
				8DFF10A52F8ECA2400AFEFAA /* TunnelVision Complete */,
				8DFF10B22F8ECA2900AFEFAA /* TunnelVision CompleteTests */,
				8DFF10BC2F8ECA2900AFEFAA /* TunnelVision CompleteUITests */,
			);
		};
/* End PBXProject section */

/* Begin PBXResourcesBuildPhase section */
		8DFF10A42F8ECA2400AFEFAA /* Resources */ = {
			isa = PBXResourcesBuildPhase;
			buildActionMask = 2147483647;
			files = (
			);
			runOnlyForDeploymentPostprocessing = 0;
		};
		8DFF10B12F8ECA2900AFEFAA /* Resources */ = {
			isa = PBXResourcesBuildPhase;
			buildActionMask = 2147483647;
			files = (
			);
			runOnlyForDeploymentPostprocessing = 0;
		};
		8DFF10BB2F8ECA2900AFEFAA /* Resources */ = {
			isa = PBXResourcesBuildPhase;
			buildActionMask = 2147483647;
			files = (
			);
			runOnlyForDeploymentPostprocessing = 0;
		};
/* End PBXResourcesBuildPhase section */

/* Begin PBXSourcesBuildPhase section */
		8DFF10A22F8ECA2400AFEFAA /* Sources */ = {
			isa = PBXSourcesBuildPhase;
			buildActionMask = 2147483647;
			files = (
			);
			runOnlyForDeploymentPostprocessing = 0;
		};
		8DFF10AF2F8ECA2900AFEFAA /* Sources */ = {
			isa = PBXSourcesBuildPhase;
			buildActionMask = 2147483647;
			files = (
			);
			runOnlyForDeploymentPostprocessing = 0;
		};
		8DFF10B92F8ECA2900AFEFAA /* Sources */ = {
			isa = PBXSourcesBuildPhase;
			buildActionMask = 2147483647;
			files = (
			);
			runOnlyForDeploymentPostprocessing = 0;
		};
/* End PBXSourcesBuildPhase section */

/* Begin PBXTargetDependency section */
		8DFF10B52F8ECA2900AFEFAA /* PBXTargetDependency */ = {
			isa = PBXTargetDependency;
			target = 8DFF10A52F8ECA2400AFEFAA /* TunnelVision Complete */;
			targetProxy = 8DFF10B42F8ECA2900AFEFAA /* PBXContainerItemProxy */;
		};
		8DFF10BF2F8ECA2900AFEFAA /* PBXTargetDependency */ = {
			isa = PBXTargetDependency;
			target = 8DFF10A52F8ECA2400AFEFAA /* TunnelVision Complete */;
			targetProxy = 8DFF10BE2F8ECA2900AFEFAA /* PBXContainerItemProxy */;
		};
/* End PBXTargetDependency section */

/* Begin XCBuildConfiguration section */
		8DFF10C52F8ECA2900AFEFAA /* Debug */ = {
			isa = XCBuildConfiguration;
			buildSettings = {
				ALWAYS_SEARCH_USER_PATHS = NO;
				ASSETCATALOG_COMPILER_GENERATE_SWIFT_ASSET_SYMBOL_EXTENSIONS = YES;
				CLANG_ANALYZER_NONNULL = YES;
				CLANG_ANALYZER_NUMBER_OBJECT_CONVERSION = YES_AGGRESSIVE;
				CLANG_CXX_LANGUAGE_STANDARD = "gnu++20";
				CLANG_ENABLE_MODULES = YES;
				CLANG_ENABLE_OBJC_ARC = YES;
				CLANG_ENABLE_OBJC_WEAK = YES;
				CLANG_WARN_BLOCK_CAPTURE_AUTORELEASING = YES;
				CLANG_WARN_BOOL_CONVERSION = YES;
				CLANG_WARN_COMMA = YES;
				CLANG_WARN_CONSTANT_CONVERSION = YES;
				CLANG_WARN_DEPRECATED_OBJC_IMPLEMENTATIONS = YES;
				CLANG_WARN_DIRECT_OBJC_ISA_USAGE = YES_ERROR;
				CLANG_WARN_DOCUMENTATION_COMMENTS = YES;
				CLANG_WARN_EMPTY_BODY = YES;
				CLANG_WARN_ENUM_CONVERSION = YES;
				CLANG_WARN_INFINITE_RECURSION = YES;
				CLANG_WARN_INT_CONVERSION = YES;
				CLANG_WARN_NON_LITERAL_NULL_CONVERSION = YES;
				CLANG_WARN_OBJC_IMPLICIT_RETAIN_SELF = YES;
				CLANG_WARN_OBJC_LITERAL_CONVERSION = YES;
				CLANG_WARN_OBJC_ROOT_CLASS = YES_ERROR;
				CLANG_WARN_QUOTED_INCLUDE_IN_FRAMEWORK_HEADER = YES;
				CLANG_WARN_RANGE_LOOP_ANALYSIS = YES;
				CLANG_WARN_STRICT_PROTOTYPES = YES;
				CLANG_WARN_SUSPICIOUS_MOVE = YES;
				CLANG_WARN_UNGUARDED_AVAILABILITY = YES_AGGRESSIVE;
				CLANG_WARN_UNREACHABLE_CODE = YES;
				CLANG_WARN__DUPLICATE_METHOD_MATCH = YES;
				COPY_PHASE_STRIP = NO;
				DEBUG_INFORMATION_FORMAT = dwarf;
				DEVELOPMENT_TEAM = TS3BCGAT56;
				ENABLE_STRICT_OBJC_MSGSEND = YES;
				ENABLE_TESTABILITY = YES;
				ENABLE_USER_SCRIPT_SANDBOXING = YES;
				GCC_C_LANGUAGE_STANDARD = gnu17;
				GCC_DYNAMIC_NO_PIC = NO;
				GCC_NO_COMMON_BLOCKS = YES;
				GCC_OPTIMIZATION_LEVEL = 0;
				GCC_PREPROCESSOR_DEFINITIONS = (
					"DEBUG=1",
					"$(inherited)",
				);
				GCC_WARN_64_TO_32_BIT_CONVERSION = YES;
				GCC_WARN_ABOUT_RETURN_TYPE = YES_ERROR;
				GCC_WARN_UNDECLARED_SELECTOR = YES;
				GCC_WARN_UNINITIALIZED_AUTOS = YES_AGGRESSIVE;
				GCC_WARN_UNUSED_FUNCTION = YES;
				GCC_WARN_UNUSED_VARIABLE = YES;
				IPHONEOS_DEPLOYMENT_TARGET = 26.4;
				LOCALIZATION_PREFERS_STRING_CATALOGS = YES;
				MTL_ENABLE_DEBUG_INFO = INCLUDE_SOURCE;
				MTL_FAST_MATH = YES;
				ONLY_ACTIVE_ARCH = YES;
				SDKROOT = iphoneos;
				SWIFT_ACTIVE_COMPILATION_CONDITIONS = "DEBUG $(inherited)";
				SWIFT_OPTIMIZATION_LEVEL = "-Onone";
			};
			name = Debug;
		};
		8DFF10C62F8ECA2900AFEFAA /* Release */ = {
			isa = XCBuildConfiguration;
			buildSettings = {
				ALWAYS_SEARCH_USER_PATHS = NO;
				ASSETCATALOG_COMPILER_GENERATE_SWIFT_ASSET_SYMBOL_EXTENSIONS = YES;
				CLANG_ANALYZER_NONNULL = YES;
				CLANG_ANALYZER_NUMBER_OBJECT_CONVERSION = YES_AGGRESSIVE;
				CLANG_CXX_LANGUAGE_STANDARD = "gnu++20";
				CLANG_ENABLE_MODULES = YES;
				CLANG_ENABLE_OBJC_ARC = YES;
				CLANG_ENABLE_OBJC_WEAK = YES;
				CLANG_WARN_BLOCK_CAPTURE_AUTORELEASING = YES;
				CLANG_WARN_BOOL_CONVERSION = YES;
				CLANG_WARN_COMMA = YES;
				CLANG_WARN_CONSTANT_CONVERSION = YES;
				CLANG_WARN_DEPRECATED_OBJC_IMPLEMENTATIONS = YES;
				CLANG_WARN_DIRECT_OBJC_ISA_USAGE = YES_ERROR;
				CLANG_WARN_DOCUMENTATION_COMMENTS = YES;
				CLANG_WARN_EMPTY_BODY = YES;
				CLANG_WARN_ENUM_CONVERSION = YES;
				CLANG_WARN_INFINITE_RECURSION = YES;
				CLANG_WARN_INT_CONVERSION = YES;
				CLANG_WARN_NON_LITERAL_NULL_CONVERSION = YES;
				CLANG_WARN_OBJC_IMPLICIT_RETAIN_SELF = YES;
				CLANG_WARN_OBJC_LITERAL_CONVERSION = YES;
				CLANG_WARN_OBJC_ROOT_CLASS = YES_ERROR;
				CLANG_WARN_QUOTED_INCLUDE_IN_FRAMEWORK_HEADER = YES;
				CLANG_WARN_RANGE_LOOP_ANALYSIS = YES;
				CLANG_WARN_STRICT_PROTOTYPES = YES;
				CLANG_WARN_SUSPICIOUS_MOVE = YES;
				CLANG_WARN_UNGUARDED_AVAILABILITY = YES_AGGRESSIVE;
				CLANG_WARN_UNREACHABLE_CODE = YES;
				CLANG_WARN__DUPLICATE_METHOD_MATCH = YES;
				COPY_PHASE_STRIP = NO;
				DEBUG_INFORMATION_FORMAT = "dwarf-with-dsym";
				DEVELOPMENT_TEAM = TS3BCGAT56;
				ENABLE_NS_ASSERTIONS = NO;
				ENABLE_STRICT_OBJC_MSGSEND = YES;
				ENABLE_USER_SCRIPT_SANDBOXING = YES;
				GCC_C_LANGUAGE_STANDARD = gnu17;
				GCC_NO_COMMON_BLOCKS = YES;
				GCC_WARN_64_TO_32_BIT_CONVERSION = YES;
				GCC_WARN_ABOUT_RETURN_TYPE = YES_ERROR;
				GCC_WARN_UNDECLARED_SELECTOR = YES;
				GCC_WARN_UNINITIALIZED_AUTOS = YES_AGGRESSIVE;
				GCC_WARN_UNUSED_FUNCTION = YES;
				GCC_WARN_UNUSED_VARIABLE = YES;
				IPHONEOS_DEPLOYMENT_TARGET = 26.4;
				LOCALIZATION_PREFERS_STRING_CATALOGS = YES;
				MTL_ENABLE_DEBUG_INFO = NO;
				MTL_FAST_MATH = YES;
				SDKROOT = iphoneos;
				SWIFT_COMPILATION_MODE = wholemodule;
				VALIDATE_PRODUCT = YES;
			};
			name = Release;
		};
		8DFF10C82F8ECA2900AFEFAA /* Debug */ = {
			isa = XCBuildConfiguration;
			buildSettings = {
				ASSETCATALOG_COMPILER_APPICON_NAME = AppIcon;
				ASSETCATALOG_COMPILER_GLOBAL_ACCENT_COLOR_NAME = AccentColor;
				CODE_SIGN_STYLE = Automatic;
				CURRENT_PROJECT_VERSION = 1;
				DEVELOPMENT_TEAM = TS3BCGAT56;
				ENABLE_PREVIEWS = YES;
				GENERATE_INFOPLIST_FILE = YES;
				INFOPLIST_KEY_NSCameraUsageDescription = "TunnelVision uses the camera for AR navigation";
				INFOPLIST_KEY_NSMotionUsageDescription = "TunnelVision uses motion data to count steps and determine heading";
				INFOPLIST_KEY_UIApplicationSceneManifest_Generation = YES;
				INFOPLIST_KEY_UIApplicationSupportsIndirectInputEvents = YES;
				INFOPLIST_KEY_UILaunchScreen_Generation = YES;
				INFOPLIST_KEY_UISupportedInterfaceOrientations_iPad = "UIInterfaceOrientationPortrait UIInterfaceOrientationPortraitUpsideDown UIInterfaceOrientationLandscapeLeft UIInterfaceOrientationLandscapeRight";
				INFOPLIST_KEY_UISupportedInterfaceOrientations_iPhone = "UIInterfaceOrientationPortrait UIInterfaceOrientationLandscapeLeft UIInterfaceOrientationLandscapeRight";
				LD_RUNPATH_SEARCH_PATHS = (
					"$(inherited)",
					"@executable_path/Frameworks",
				);
				MARKETING_VERSION = 1.0;
				PRODUCT_BUNDLE_IDENTIFIER = edu.upenn.hci.TunnelVisionComplete;
				PRODUCT_NAME = "$(TARGET_NAME)";
				STRING_CATALOG_GENERATE_SYMBOLS = YES;
				SWIFT_APPROACHABLE_CONCURRENCY = YES;
				SWIFT_DEFAULT_ACTOR_ISOLATION = MainActor;
				SWIFT_EMIT_LOC_STRINGS = YES;
				SWIFT_UPCOMING_FEATURE_MEMBER_IMPORT_VISIBILITY = YES;
				SWIFT_VERSION = 5.0;
				TARGETED_DEVICE_FAMILY = "1,2";
			};
			name = Debug;
		};
		8DFF10C92F8ECA2900AFEFAA /* Release */ = {
			isa = XCBuildConfiguration;
			buildSettings = {
				ASSETCATALOG_COMPILER_APPICON_NAME = AppIcon;
				ASSETCATALOG_COMPILER_GLOBAL_ACCENT_COLOR_NAME = AccentColor;
				CODE_SIGN_STYLE = Automatic;
				CURRENT_PROJECT_VERSION = 1;
				DEVELOPMENT_TEAM = TS3BCGAT56;
				ENABLE_PREVIEWS = YES;
				GENERATE_INFOPLIST_FILE = YES;
				INFOPLIST_KEY_NSCameraUsageDescription = "TunnelVision uses the camera for AR navigation";
				INFOPLIST_KEY_NSMotionUsageDescription = "TunnelVision uses motion data to count steps and determine heading";
				INFOPLIST_KEY_UIApplicationSceneManifest_Generation = YES;
				INFOPLIST_KEY_UIApplicationSupportsIndirectInputEvents = YES;
				INFOPLIST_KEY_UILaunchScreen_Generation = YES;
				INFOPLIST_KEY_UISupportedInterfaceOrientations_iPad = "UIInterfaceOrientationPortrait UIInterfaceOrientationPortraitUpsideDown UIInterfaceOrientationLandscapeLeft UIInterfaceOrientationLandscapeRight";
				INFOPLIST_KEY_UISupportedInterfaceOrientations_iPhone = "UIInterfaceOrientationPortrait UIInterfaceOrientationLandscapeLeft UIInterfaceOrientationLandscapeRight";
				LD_RUNPATH_SEARCH_PATHS = (
					"$(inherited)",
					"@executable_path/Frameworks",
				);
				MARKETING_VERSION = 1.0;
				PRODUCT_BUNDLE_IDENTIFIER = edu.upenn.hci.TunnelVisionComplete;
				PRODUCT_NAME = "$(TARGET_NAME)";
				STRING_CATALOG_GENERATE_SYMBOLS = YES;
				SWIFT_APPROACHABLE_CONCURRENCY = YES;
				SWIFT_DEFAULT_ACTOR_ISOLATION = MainActor;
				SWIFT_EMIT_LOC_STRINGS = YES;
				SWIFT_UPCOMING_FEATURE_MEMBER_IMPORT_VISIBILITY = YES;
				SWIFT_VERSION = 5.0;
				TARGETED_DEVICE_FAMILY = "1,2";
			};
			name = Release;
		};
		8DFF10CB2F8ECA2900AFEFAA /* Debug */ = {
			isa = XCBuildConfiguration;
			buildSettings = {
				BUNDLE_LOADER = "$(TEST_HOST)";
				CODE_SIGN_STYLE = Automatic;
				CURRENT_PROJECT_VERSION = 1;
				DEVELOPMENT_TEAM = TS3BCGAT56;
				GENERATE_INFOPLIST_FILE = YES;
				IPHONEOS_DEPLOYMENT_TARGET = 26.4;
				MARKETING_VERSION = 1.0;
				PRODUCT_BUNDLE_IDENTIFIER = edu.upenn.hci.TunnelVisionCompleteTests;
				PRODUCT_NAME = "$(TARGET_NAME)";
				STRING_CATALOG_GENERATE_SYMBOLS = NO;
				SWIFT_APPROACHABLE_CONCURRENCY = YES;
				SWIFT_EMIT_LOC_STRINGS = NO;
				SWIFT_UPCOMING_FEATURE_MEMBER_IMPORT_VISIBILITY = YES;
				SWIFT_VERSION = 5.0;
				TARGETED_DEVICE_FAMILY = "1,2";
				TEST_HOST = "$(BUILT_PRODUCTS_DIR)/TunnelVision Complete.app/$(BUNDLE_EXECUTABLE_FOLDER_PATH)/TunnelVision Complete";
			};
			name = Debug;
		};
		8DFF10CC2F8ECA2900AFEFAA /* Release */ = {
			isa = XCBuildConfiguration;
			buildSettings = {
				BUNDLE_LOADER = "$(TEST_HOST)";
				CODE_SIGN_STYLE = Automatic;
				CURRENT_PROJECT_VERSION = 1;
				DEVELOPMENT_TEAM = TS3BCGAT56;
				GENERATE_INFOPLIST_FILE = YES;
				IPHONEOS_DEPLOYMENT_TARGET = 26.4;
				MARKETING_VERSION = 1.0;
				PRODUCT_BUNDLE_IDENTIFIER = edu.upenn.hci.TunnelVisionCompleteTests;
				PRODUCT_NAME = "$(TARGET_NAME)";
				STRING_CATALOG_GENERATE_SYMBOLS = NO;
				SWIFT_APPROACHABLE_CONCURRENCY = YES;
				SWIFT_EMIT_LOC_STRINGS = NO;
				SWIFT_UPCOMING_FEATURE_MEMBER_IMPORT_VISIBILITY = YES;
				SWIFT_VERSION = 5.0;
				TARGETED_DEVICE_FAMILY = "1,2";
				TEST_HOST = "$(BUILT_PRODUCTS_DIR)/TunnelVision Complete.app/$(BUNDLE_EXECUTABLE_FOLDER_PATH)/TunnelVision Complete";
			};
			name = Release;
		};
		8DFF10CE2F8ECA2900AFEFAA /* Debug */ = {
			isa = XCBuildConfiguration;
			buildSettings = {
				CODE_SIGN_STYLE = Automatic;
				CURRENT_PROJECT_VERSION = 1;
				DEVELOPMENT_TEAM = TS3BCGAT56;
				GENERATE_INFOPLIST_FILE = YES;
				MARKETING_VERSION = 1.0;
				PRODUCT_BUNDLE_IDENTIFIER = edu.upenn.hci.TunnelVisionCompleteUITests;
				PRODUCT_NAME = "$(TARGET_NAME)";
				STRING_CATALOG_GENERATE_SYMBOLS = NO;
				SWIFT_APPROACHABLE_CONCURRENCY = YES;
				SWIFT_EMIT_LOC_STRINGS = NO;
				SWIFT_UPCOMING_FEATURE_MEMBER_IMPORT_VISIBILITY = YES;
				SWIFT_VERSION = 5.0;
				TARGETED_DEVICE_FAMILY = "1,2";
				TEST_TARGET_NAME = "TunnelVision Complete";
			};
			name = Debug;
		};
		8DFF10CF2F8ECA2900AFEFAA /* Release */ = {
			isa = XCBuildConfiguration;
			buildSettings = {
				CODE_SIGN_STYLE = Automatic;
				CURRENT_PROJECT_VERSION = 1;
				DEVELOPMENT_TEAM = TS3BCGAT56;
				GENERATE_INFOPLIST_FILE = YES;
				MARKETING_VERSION = 1.0;
				PRODUCT_BUNDLE_IDENTIFIER = edu.upenn.hci.TunnelVisionCompleteUITests;
				PRODUCT_NAME = "$(TARGET_NAME)";
				STRING_CATALOG_GENERATE_SYMBOLS = NO;
				SWIFT_APPROACHABLE_CONCURRENCY = YES;
				SWIFT_EMIT_LOC_STRINGS = NO;
				SWIFT_UPCOMING_FEATURE_MEMBER_IMPORT_VISIBILITY = YES;
				SWIFT_VERSION = 5.0;
				TARGETED_DEVICE_FAMILY = "1,2";
				TEST_TARGET_NAME = "TunnelVision Complete";
			};
			name = Release;
		};
/* End XCBuildConfiguration section */

/* Begin XCConfigurationList section */
		8DFF10A12F8ECA2400AFEFAA /* Build configuration list for PBXProject "TunnelVision Complete" */ = {
			isa = XCConfigurationList;
			buildConfigurations = (
				8DFF10C52F8ECA2900AFEFAA /* Debug */,
				8DFF10C62F8ECA2900AFEFAA /* Release */,
			);
			defaultConfigurationIsVisible = 0;
			defaultConfigurationName = Release;
		};
		8DFF10C72F8ECA2900AFEFAA /* Build configuration list for PBXNativeTarget "TunnelVision Complete" */ = {
			isa = XCConfigurationList;
			buildConfigurations = (
				8DFF10C82F8ECA2900AFEFAA /* Debug */,
				8DFF10C92F8ECA2900AFEFAA /* Release */,
			);
			defaultConfigurationIsVisible = 0;
			defaultConfigurationName = Release;
		};
		8DFF10CA2F8ECA2900AFEFAA /* Build configuration list for PBXNativeTarget "TunnelVision CompleteTests" */ = {
			isa = XCConfigurationList;
			buildConfigurations = (
				8DFF10CB2F8ECA2900AFEFAA /* Debug */,
				8DFF10CC2F8ECA2900AFEFAA /* Release */,
			);
			defaultConfigurationIsVisible = 0;
			defaultConfigurationName = Release;
		};
		8DFF10CD2F8ECA2900AFEFAA /* Build configuration list for PBXNativeTarget "TunnelVision CompleteUITests" */ = {
			isa = XCConfigurationList;
			buildConfigurations = (
				8DFF10CE2F8ECA2900AFEFAA /* Debug */,
				8DFF10CF2F8ECA2900AFEFAA /* Release */,
			);
			defaultConfigurationIsVisible = 0;
			defaultConfigurationName = Release;
		};
/* End XCConfigurationList section */
	};
	rootObject = 8DFF109E2F8ECA2400AFEFAA /* Project object */;
}
